
Microsoft Visual Studio Solution File, Format Version 12.00
# Visual Studio Version 17
VisualStudioVersion = 17.0.31903.59
MinimumVisualStudioVersion = 10.0.40219.1
Project("{FAE04EC0-301F-11D3-BF4B-00C04F79EFBC}") = "Ping In Network", "Ping In Network\Ping In Network.csproj", "{39DE2130-963E-43F8-9660-5B94C608F2BC}"
EndProject
Global
	GlobalSection(SolutionConfigurationPlatforms) = preSolution
		Debug|Any CPU = Debug|Any CPU
		Release|Any CPU = Release|Any CPU
	EndGlobalSection
	GlobalSection(ProjectConfigurationPlatforms) = postSolution
		{39DE2130-963E-43F8-9660-5B94C608F2BC}.Debug|Any CPU.ActiveCfg = Debug|Any CPU
		{39DE2130-963E-43F8-9660-5B94C608F2BC}.Debug|Any CPU.Build.0 = Debug|Any CPU
		{39DE2130-963E-43F8-9660-5B94C608F2BC}.Release|Any CPU.ActiveCfg = Release|Any CPU
		{39DE2130-963E-43F8-9660-5B94C608F2BC}.Release|Any CPU.Build.0 = Release|Any CPU
	EndGlobalSection
	GlobalSection(SolutionProperties) = preSolution
		HideSolutionNode = FALSE
	EndGlobalSection
	GlobalSection(ExtensibilityGlobals) = postSolution
		SolutionGuid = {883159A6-1F76-4531-9ED6-882FB3F26F12}
	EndGlobalSection
EndGlobal
